
Microsoft Visual Studio Solution File, Format Version 12.00
# Visual Studio Version 17
VisualStudioVersion = 17.9.34728.123
MinimumVisualStudioVersion = 10.0.40219.1
Project("{FAE04EC0-301F-11D3-BF4B-00C04F79EFBC}") = "ParallelCalculationFactorial", "ParallelCalculationFactorial.csproj", "{B3F1CEE2-D5E1-486F-B40E-03EB189EFE50}"
EndProject
Global
	GlobalSection(SolutionConfigurationPlatforms) = preSolution
		Debug|Any CPU = Debug|Any CPU
		Release|Any CPU = Release|Any CPU
	EndGlobalSection
	GlobalSection(ProjectConfigurationPlatforms) = postSolution
		{B3F1CEE2-D5E1-486F-B40E-03EB189EFE50}.Debug|Any CPU.ActiveCfg = Debug|Any CPU
		{B3F1CEE2-D5E1-486F-B40E-03EB189EFE50}.Debug|Any CPU.Build.0 = Debug|Any CPU
		{B3F1CEE2-D5E1-486F-B40E-03EB189EFE50}.Release|Any CPU.ActiveCfg = Release|Any CPU
		{B3F1CEE2-D5E1-486F-B40E-03EB189EFE50}.Release|Any CPU.Build.0 = Release|Any CPU
	EndGlobalSection
	GlobalSection(SolutionProperties) = preSolution
		HideSolutionNode = FALSE
	EndGlobalSection
	GlobalSection(ExtensibilityGlobals) = postSolution
		SolutionGuid = {3CF9599C-8515-43A7-A0A0-77E2F08FCAB7}
	EndGlobalSection
EndGlobal
